
Microsoft Visual Studio Solution File, Format Version 12.00
# Visual Studio Version 17
VisualStudioVersion = 17.8.34330.188
MinimumVisualStudioVersion = 10.0.40219.1
Project("{2150E333-8FDC-42A3-9474-1A3956D46DE8}") = "src", "src", "{36A264B8-92D1-48DD-8054-115FF0856E50}"
	ProjectSection(SolutionItems) = preProject
		src\Directory.Build.props = src\Directory.Build.props
		src\SourcesPackage.props = src\SourcesPackage.props
	EndProjectSection
EndProject
Project("{9A19103F-16F7-4668-BE54-9A1E7A4F7556}") = "CodeSugar.Tests", "tests\CodeSugar.Tests\CodeSugar.Tests.csproj", "{62FC9075-CBE7-4FF1-BA34-93625D1CDE9A}"
EndProject
Project("{2150E333-8FDC-42A3-9474-1A3956D46DE8}") = "tests", "tests", "{096F443D-3205-4914-8E40-3A2186B71134}"
EndProject
Project("{2150E333-8FDC-42A3-9474-1A3956D46DE8}") = "Solution Items", "Solution Items", "{53540609-2D6C-4939-A145-7D2E6E162F04}"
	ProjectSection(SolutionItems) = preProject
		CodeSugar.Build.sh = CodeSugar.Build.sh
		.github\workflows\FormatSemver.sh = .github\workflows\FormatSemver.sh
		.github\workflows\PublishToGithub.yml = .github\workflows\PublishToGithub.yml
		.github\workflows\PublishToNuget.yml = .github\workflows\PublishToNuget.yml
		.github\workflows\PushGithubTag.yml = .github\workflows\PushGithubTag.yml
		README.md = README.md
		.github\workflows\test.yml = .github\workflows\test.yml
	EndProjectSection
EndProject
Project("{2150E333-8FDC-42A3-9474-1A3956D46DE8}") = "examples", "examples", "{8243CE1E-839C-456B-A5D4-874963D8C525}"
	ProjectSection(SolutionItems) = preProject
		examples\Directory.Build.props = examples\Directory.Build.props
	EndProjectSection
EndProject
Project("{9A19103F-16F7-4668-BE54-9A1E7A4F7556}") = "ExampleLibrary", "examples\ExampleLibrary\ExampleLibrary.csproj", "{B76C7C60-0363-4EB3-A075-19C8B7C74AD0}"
EndProject
Project("{9A19103F-16F7-4668-BE54-9A1E7A4F7556}") = "ExampleWpfApp", "examples\ExampleWpfApp\ExampleWpfApp.csproj", "{6C012E64-4C4B-408F-B1D5-ACCCF8B4A1C6}"
EndProject
Project("{9A19103F-16F7-4668-BE54-9A1E7A4F7556}") = "CodeSugar.FileProviders.Sources", "src\CodeSugar.FileProviders.Sources\CodeSugar.FileProviders.Sources.csproj", "{49A9BEFA-D74B-4152-8F0F-44D675B59366}"
EndProject
Project("{9A19103F-16F7-4668-BE54-9A1E7A4F7556}") = "CodeSugar.Sys.IO.Sources", "src\CodeSugar.Sys.IO.Sources\CodeSugar.Sys.IO.Sources.csproj", "{36D2F82F-CE33-4D24-99B8-5A0E7B1DC37E}"
EndProject
Project("{9A19103F-16F7-4668-BE54-9A1E7A4F7556}") = "CodeSugar.Sys.Sources", "src\CodeSugar.Sys.Sources\CodeSugar.Sys.Sources.csproj", "{4B97CC62-0E68-4176-9074-CCC78BBD98D4}"
EndProject
Project("{9A19103F-16F7-4668-BE54-9A1E7A4F7556}") = "CodeSugar.Numerics.Sources", "src\CodeSugar.Numerics.Sources\CodeSugar.Numerics.Sources.csproj", "{23873134-B997-4504-B62A-8B2E71A94218}"
EndProject
Project("{9A19103F-16F7-4668-BE54-9A1E7A4F7556}") = "CodeSugar.POC", "src\CodeSugar.POC\CodeSugar.POC.csproj", "{FF2F0E98-FD87-4A08-86E3-B11DF4F769FB}"
EndProject
Project("{9A19103F-16F7-4668-BE54-9A1E7A4F7556}") = "CodeSugar.Sys.Text.Sources", "src\CodeSugar.Sys.Text.Sources\CodeSugar.Sys.Text.Sources.csproj", "{C050D609-4228-4688-B78A-F0DEE2443960}"
EndProject
Project("{9A19103F-16F7-4668-BE54-9A1E7A4F7556}") = "CodeSugar.Srlzn.Bin.Sources", "src\CodeSugar.Srlzn.Bin.Sources\CodeSugar.Srlzn.Bin.Sources.csproj", "{8030BE50-4FA3-4DD8-BA20-5C0001CBC2FC}"
EndProject
Global
	GlobalSection(SolutionConfigurationPlatforms) = preSolution
		Debug|Any CPU = Debug|Any CPU
		Release|Any CPU = Release|Any CPU
	EndGlobalSection
	GlobalSection(ProjectConfigurationPlatforms) = postSolution
		{62FC9075-CBE7-4FF1-BA34-93625D1CDE9A}.Debug|Any CPU.ActiveCfg = Debug|Any CPU
		{62FC9075-CBE7-4FF1-BA34-93625D1CDE9A}.Debug|Any CPU.Build.0 = Debug|Any CPU
		{62FC9075-CBE7-4FF1-BA34-93625D1CDE9A}.Release|Any CPU.ActiveCfg = Release|Any CPU
		{62FC9075-CBE7-4FF1-BA34-93625D1CDE9A}.Release|Any CPU.Build.0 = Release|Any CPU
		{B76C7C60-0363-4EB3-A075-19C8B7C74AD0}.Debug|Any CPU.ActiveCfg = Debug|Any CPU
		{B76C7C60-0363-4EB3-A075-19C8B7C74AD0}.Debug|Any CPU.Build.0 = Debug|Any CPU
		{B76C7C60-0363-4EB3-A075-19C8B7C74AD0}.Release|Any CPU.ActiveCfg = Release|Any CPU
		{B76C7C60-0363-4EB3-A075-19C8B7C74AD0}.Release|Any CPU.Build.0 = Release|Any CPU
		{6C012E64-4C4B-408F-B1D5-ACCCF8B4A1C6}.Debug|Any CPU.ActiveCfg = Debug|Any CPU
		{6C012E64-4C4B-408F-B1D5-ACCCF8B4A1C6}.Debug|Any CPU.Build.0 = Debug|Any CPU
		{6C012E64-4C4B-408F-B1D5-ACCCF8B4A1C6}.Release|Any CPU.ActiveCfg = Release|Any CPU
		{6C012E64-4C4B-408F-B1D5-ACCCF8B4A1C6}.Release|Any CPU.Build.0 = Release|Any CPU
		{49A9BEFA-D74B-4152-8F0F-44D675B59366}.Debug|Any CPU.ActiveCfg = Debug|Any CPU
		{49A9BEFA-D74B-4152-8F0F-44D675B59366}.Debug|Any CPU.Build.0 = Debug|Any CPU
		{49A9BEFA-D74B-4152-8F0F-44D675B59366}.Release|Any CPU.ActiveCfg = Release|Any CPU
		{49A9BEFA-D74B-4152-8F0F-44D675B59366}.Release|Any CPU.Build.0 = Release|Any CPU
		{36D2F82F-CE33-4D24-99B8-5A0E7B1DC37E}.Debug|Any CPU.ActiveCfg = Debug|Any CPU
		{36D2F82F-CE33-4D24-99B8-5A0E7B1DC37E}.Debug|Any CPU.Build.0 = Debug|Any CPU
		{36D2F82F-CE33-4D24-99B8-5A0E7B1DC37E}.Release|Any CPU.ActiveCfg = Release|Any CPU
		{36D2F82F-CE33-4D24-99B8-5A0E7B1DC37E}.Release|Any CPU.Build.0 = Release|Any CPU
		{4B97CC62-0E68-4176-9074-CCC78BBD98D4}.Debug|Any CPU.ActiveCfg = Debug|Any CPU
		{4B97CC62-0E68-4176-9074-CCC78BBD98D4}.Debug|Any CPU.Build.0 = Debug|Any CPU
		{4B97CC62-0E68-4176-9074-CCC78BBD98D4}.Release|Any CPU.ActiveCfg = Release|Any CPU
		{4B97CC62-0E68-4176-9074-CCC78BBD98D4}.Release|Any CPU.Build.0 = Release|Any CPU
		{23873134-B997-4504-B62A-8B2E71A94218}.Debug|Any CPU.ActiveCfg = Debug|Any CPU
		{23873134-B997-4504-B62A-8B2E71A94218}.Debug|Any CPU.Build.0 = Debug|Any CPU
		{23873134-B997-4504-B62A-8B2E71A94218}.Release|Any CPU.ActiveCfg = Release|Any CPU
		{23873134-B997-4504-B62A-8B2E71A94218}.Release|Any CPU.Build.0 = Release|Any CPU
		{FF2F0E98-FD87-4A08-86E3-B11DF4F769FB}.Debug|Any CPU.ActiveCfg = Debug|Any CPU
		{FF2F0E98-FD87-4A08-86E3-B11DF4F769FB}.Debug|Any CPU.Build.0 = Debug|Any CPU
		{FF2F0E98-FD87-4A08-86E3-B11DF4F769FB}.Release|Any CPU.ActiveCfg = Release|Any CPU
		{FF2F0E98-FD87-4A08-86E3-B11DF4F769FB}.Release|Any CPU.Build.0 = Release|Any CPU
		{C050D609-4228-4688-B78A-F0DEE2443960}.Debug|Any CPU.ActiveCfg = Debug|Any CPU
		{C050D609-4228-4688-B78A-F0DEE2443960}.Debug|Any CPU.Build.0 = Debug|Any CPU
		{C050D609-4228-4688-B78A-F0DEE2443960}.Release|Any CPU.ActiveCfg = Release|Any CPU
		{C050D609-4228-4688-B78A-F0DEE2443960}.Release|Any CPU.Build.0 = Release|Any CPU
		{8030BE50-4FA3-4DD8-BA20-5C0001CBC2FC}.Debug|Any CPU.ActiveCfg = Debug|Any CPU
		{8030BE50-4FA3-4DD8-BA20-5C0001CBC2FC}.Debug|Any CPU.Build.0 = Debug|Any CPU
		{8030BE50-4FA3-4DD8-BA20-5C0001CBC2FC}.Release|Any CPU.ActiveCfg = Release|Any CPU
		{8030BE50-4FA3-4DD8-BA20-5C0001CBC2FC}.Release|Any CPU.Build.0 = Release|Any CPU
	EndGlobalSection
	GlobalSection(SolutionProperties) = preSolution
		HideSolutionNode = FALSE
	EndGlobalSection
	GlobalSection(NestedProjects) = preSolution
		{62FC9075-CBE7-4FF1-BA34-93625D1CDE9A} = {096F443D-3205-4914-8E40-3A2186B71134}
		{B76C7C60-0363-4EB3-A075-19C8B7C74AD0} = {8243CE1E-839C-456B-A5D4-874963D8C525}
		{6C012E64-4C4B-408F-B1D5-ACCCF8B4A1C6} = {8243CE1E-839C-456B-A5D4-874963D8C525}
		{49A9BEFA-D74B-4152-8F0F-44D675B59366} = {36A264B8-92D1-48DD-8054-115FF0856E50}
		{36D2F82F-CE33-4D24-99B8-5A0E7B1DC37E} = {36A264B8-92D1-48DD-8054-115FF0856E50}
		{4B97CC62-0E68-4176-9074-CCC78BBD98D4} = {36A264B8-92D1-48DD-8054-115FF0856E50}
		{23873134-B997-4504-B62A-8B2E71A94218} = {36A264B8-92D1-48DD-8054-115FF0856E50}
		{FF2F0E98-FD87-4A08-86E3-B11DF4F769FB} = {36A264B8-92D1-48DD-8054-115FF0856E50}
		{C050D609-4228-4688-B78A-F0DEE2443960} = {36A264B8-92D1-48DD-8054-115FF0856E50}
		{8030BE50-4FA3-4DD8-BA20-5C0001CBC2FC} = {36A264B8-92D1-48DD-8054-115FF0856E50}
	EndGlobalSection
	GlobalSection(ExtensibilityGlobals) = postSolution
		SolutionGuid = {12BE1319-4F6D-4472-82CA-678A7F50C6B4}
	EndGlobalSection
EndGlobal
