
Microsoft Visual Studio Solution File, Format Version 12.00
# Visual Studio Version 17
VisualStudioVersion = 17.8.34330.188
MinimumVisualStudioVersion = 10.0.40219.1
Project("{2150E333-8FDC-42A3-9474-1A3956D46DE8}") = "src", "src", "{36A264B8-92D1-48DD-8054-115FF0856E50}"
	ProjectSection(SolutionItems) = preProject
		src\Directory.Build.props = src\Directory.Build.props
		src\SourcesPackage.props = src\SourcesPackage.props
	EndProjectSection
EndProject
Project("{9A19103F-16F7-4668-BE54-9A1E7A4F7556}") = "CodeSugar.Tests", "tests\CodeSugar.Tests\CodeSugar.Tests.csproj", "{62FC9075-CBE7-4FF1-BA34-93625D1CDE9A}"
EndProject
Project("{2150E333-8FDC-42A3-9474-1A3956D46DE8}") = "tests", "tests", "{096F443D-3205-4914-8E40-3A2186B71134}"
	ProjectSection(SolutionItems) = preProject
		tests\Directory.Build.props = tests\Directory.Build.props
	EndProjectSection
EndProject
Project("{2150E333-8FDC-42A3-9474-1A3956D46DE8}") = "Solution Items", "Solution Items", "{53540609-2D6C-4939-A145-7D2E6E162F04}"
	ProjectSection(SolutionItems) = preProject
		.github\actions\PushGithubTag\action.yml = .github\actions\PushGithubTag\action.yml
		CodeSugar.Build.sh = CodeSugar.Build.sh
		.github\workflows\FormatSemver.sh = .github\workflows\FormatSemver.sh
		.github\workflows\PublishToGithub.yml = .github\workflows\PublishToGithub.yml
		.github\workflows\PublishToNuget.yml = .github\workflows\PublishToNuget.yml
		README.md = README.md
		.github\workflows\test.yml = .github\workflows\test.yml
	EndProjectSection
EndProject
Project("{2150E333-8FDC-42A3-9474-1A3956D46DE8}") = "examples", "examples", "{8243CE1E-839C-456B-A5D4-874963D8C525}"
	ProjectSection(SolutionItems) = preProject
		examples\Directory.Build.props = examples\Directory.Build.props
	EndProjectSection
EndProject
Project("{9A19103F-16F7-4668-BE54-9A1E7A4F7556}") = "ExampleLibrary", "examples\ExampleLibrary\ExampleLibrary.csproj", "{B76C7C60-0363-4EB3-A075-19C8B7C74AD0}"
EndProject
Project("{9A19103F-16F7-4668-BE54-9A1E7A4F7556}") = "ExampleWpfApp", "examples\ExampleWpfApp\ExampleWpfApp.csproj", "{6C012E64-4C4B-408F-B1D5-ACCCF8B4A1C6}"
EndProject
Project("{9A19103F-16F7-4668-BE54-9A1E7A4F7556}") = "CodeSugar.FileProviders", "src\CodeSugar.FileProviders.Sources\CodeSugar.FileProviders.csproj", "{49A9BEFA-D74B-4152-8F0F-44D675B59366}"
EndProject
Project("{9A19103F-16F7-4668-BE54-9A1E7A4F7556}") = "CodeSugar.Sys.IO", "src\CodeSugar.Sys.IO.Sources\CodeSugar.Sys.IO.csproj", "{36D2F82F-CE33-4D24-99B8-5A0E7B1DC37E}"
EndProject
Project("{9A19103F-16F7-4668-BE54-9A1E7A4F7556}") = "CodeSugar.Sys", "src\CodeSugar.Sys.Sources\CodeSugar.Sys.csproj", "{4B97CC62-0E68-4176-9074-CCC78BBD98D4}"
EndProject
Project("{9A19103F-16F7-4668-BE54-9A1E7A4F7556}") = "CodeSugar.Numerics", "src\CodeSugar.Numerics.Sources\CodeSugar.Numerics.csproj", "{23873134-B997-4504-B62A-8B2E71A94218}"
EndProject
Project("{9A19103F-16F7-4668-BE54-9A1E7A4F7556}") = "CodeSugar.POC", "src\CodeSugar.POC\CodeSugar.POC.csproj", "{FF2F0E98-FD87-4A08-86E3-B11DF4F769FB}"
EndProject
Project("{9A19103F-16F7-4668-BE54-9A1E7A4F7556}") = "CodeSugar.Sys.Text", "src\CodeSugar.Sys.Text.Sources\CodeSugar.Sys.Text.csproj", "{C050D609-4228-4688-B78A-F0DEE2443960}"
EndProject
Project("{9A19103F-16F7-4668-BE54-9A1E7A4F7556}") = "CodeSugar.Srlzn.Bin", "src\CodeSugar.Srlzn.Bin.Sources\CodeSugar.Srlzn.Bin.csproj", "{8030BE50-4FA3-4DD8-BA20-5C0001CBC2FC}"
EndProject
Project("{9A19103F-16F7-4668-BE54-9A1E7A4F7556}") = "CodeSugar.Linq", "src\CodeSugar.Linq.Sources\CodeSugar.Linq.csproj", "{ECBB5551-D387-4A29-A739-FDE4B6DE902D}"
EndProject
Project("{FAE04EC0-301F-11D3-BF4B-00C04F79EFBC}") = "CodeSugar.Tensors", "src\CodeSugar.Tensors.Sources\CodeSugar.Tensors.csproj", "{9B618023-A985-4CD9-8DB6-6EA2BEB8C758}"
EndProject
Project("{FAE04EC0-301F-11D3-BF4B-00C04F79EFBC}") = "CodeSugar.Progress.Log", "src\CodeSugar.Progress.Log\CodeSugar.Progress.Log.csproj", "{9BAA33A3-AA68-4189-8BB9-53DC0224E1D7}"
EndProject
Project("{FAE04EC0-301F-11D3-BF4B-00C04F79EFBC}") = "CodeSugar.Nullable.Tests", "tests\CodeSugar.Nullable.Tests\CodeSugar.Nullable.Tests.csproj", "{0ED3659A-D6C4-6401-E7CE-63D46AA91417}"
EndProject
Project("{FAE04EC0-301F-11D3-BF4B-00C04F79EFBC}") = "CodeSugar.AI", "src\CodeSugar.AI\CodeSugar.AI.csproj", "{82DC1536-E9D3-2083-6228-A236B0FD89EA}"
EndProject
Project("{FAE04EC0-301F-11D3-BF4B-00C04F79EFBC}") = "CodeSugar.ImageSharp", "src\CodeSugar.ImageSharp\CodeSugar.ImageSharp.csproj", "{90B6E390-4716-029F-5F6D-33E92C83CF54}"
EndProject
Global
	GlobalSection(SolutionConfigurationPlatforms) = preSolution
		Debug|Any CPU = Debug|Any CPU
		Release|Any CPU = Release|Any CPU
	EndGlobalSection
	GlobalSection(ProjectConfigurationPlatforms) = postSolution
		{62FC9075-CBE7-4FF1-BA34-93625D1CDE9A}.Debug|Any CPU.ActiveCfg = Debug|Any CPU
		{62FC9075-CBE7-4FF1-BA34-93625D1CDE9A}.Debug|Any CPU.Build.0 = Debug|Any CPU
		{62FC9075-CBE7-4FF1-BA34-93625D1CDE9A}.Release|Any CPU.ActiveCfg = Release|Any CPU
		{62FC9075-CBE7-4FF1-BA34-93625D1CDE9A}.Release|Any CPU.Build.0 = Release|Any CPU
		{B76C7C60-0363-4EB3-A075-19C8B7C74AD0}.Debug|Any CPU.ActiveCfg = Debug|Any CPU
		{B76C7C60-0363-4EB3-A075-19C8B7C74AD0}.Debug|Any CPU.Build.0 = Debug|Any CPU
		{B76C7C60-0363-4EB3-A075-19C8B7C74AD0}.Release|Any CPU.ActiveCfg = Release|Any CPU
		{B76C7C60-0363-4EB3-A075-19C8B7C74AD0}.Release|Any CPU.Build.0 = Release|Any CPU
		{6C012E64-4C4B-408F-B1D5-ACCCF8B4A1C6}.Debug|Any CPU.ActiveCfg = Debug|Any CPU
		{6C012E64-4C4B-408F-B1D5-ACCCF8B4A1C6}.Debug|Any CPU.Build.0 = Debug|Any CPU
		{6C012E64-4C4B-408F-B1D5-ACCCF8B4A1C6}.Release|Any CPU.ActiveCfg = Release|Any CPU
		{6C012E64-4C4B-408F-B1D5-ACCCF8B4A1C6}.Release|Any CPU.Build.0 = Release|Any CPU
		{49A9BEFA-D74B-4152-8F0F-44D675B59366}.Debug|Any CPU.ActiveCfg = Debug|Any CPU
		{49A9BEFA-D74B-4152-8F0F-44D675B59366}.Debug|Any CPU.Build.0 = Debug|Any CPU
		{49A9BEFA-D74B-4152-8F0F-44D675B59366}.Release|Any CPU.ActiveCfg = Release|Any CPU
		{49A9BEFA-D74B-4152-8F0F-44D675B59366}.Release|Any CPU.Build.0 = Release|Any CPU
		{36D2F82F-CE33-4D24-99B8-5A0E7B1DC37E}.Debug|Any CPU.ActiveCfg = Debug|Any CPU
		{36D2F82F-CE33-4D24-99B8-5A0E7B1DC37E}.Debug|Any CPU.Build.0 = Debug|Any CPU
		{36D2F82F-CE33-4D24-99B8-5A0E7B1DC37E}.Release|Any CPU.ActiveCfg = Release|Any CPU
		{36D2F82F-CE33-4D24-99B8-5A0E7B1DC37E}.Release|Any CPU.Build.0 = Release|Any CPU
		{4B97CC62-0E68-4176-9074-CCC78BBD98D4}.Debug|Any CPU.ActiveCfg = Debug|Any CPU
		{4B97CC62-0E68-4176-9074-CCC78BBD98D4}.Debug|Any CPU.Build.0 = Debug|Any CPU
		{4B97CC62-0E68-4176-9074-CCC78BBD98D4}.Release|Any CPU.ActiveCfg = Release|Any CPU
		{4B97CC62-0E68-4176-9074-CCC78BBD98D4}.Release|Any CPU.Build.0 = Release|Any CPU
		{23873134-B997-4504-B62A-8B2E71A94218}.Debug|Any CPU.ActiveCfg = Debug|Any CPU
		{23873134-B997-4504-B62A-8B2E71A94218}.Debug|Any CPU.Build.0 = Debug|Any CPU
		{23873134-B997-4504-B62A-8B2E71A94218}.Release|Any CPU.ActiveCfg = Release|Any CPU
		{23873134-B997-4504-B62A-8B2E71A94218}.Release|Any CPU.Build.0 = Release|Any CPU
		{FF2F0E98-FD87-4A08-86E3-B11DF4F769FB}.Debug|Any CPU.ActiveCfg = Debug|Any CPU
		{FF2F0E98-FD87-4A08-86E3-B11DF4F769FB}.Debug|Any CPU.Build.0 = Debug|Any CPU
		{FF2F0E98-FD87-4A08-86E3-B11DF4F769FB}.Release|Any CPU.ActiveCfg = Release|Any CPU
		{FF2F0E98-FD87-4A08-86E3-B11DF4F769FB}.Release|Any CPU.Build.0 = Release|Any CPU
		{C050D609-4228-4688-B78A-F0DEE2443960}.Debug|Any CPU.ActiveCfg = Debug|Any CPU
		{C050D609-4228-4688-B78A-F0DEE2443960}.Debug|Any CPU.Build.0 = Debug|Any CPU
		{C050D609-4228-4688-B78A-F0DEE2443960}.Release|Any CPU.ActiveCfg = Release|Any CPU
		{C050D609-4228-4688-B78A-F0DEE2443960}.Release|Any CPU.Build.0 = Release|Any CPU
		{8030BE50-4FA3-4DD8-BA20-5C0001CBC2FC}.Debug|Any CPU.ActiveCfg = Debug|Any CPU
		{8030BE50-4FA3-4DD8-BA20-5C0001CBC2FC}.Debug|Any CPU.Build.0 = Debug|Any CPU
		{8030BE50-4FA3-4DD8-BA20-5C0001CBC2FC}.Release|Any CPU.ActiveCfg = Release|Any CPU
		{8030BE50-4FA3-4DD8-BA20-5C0001CBC2FC}.Release|Any CPU.Build.0 = Release|Any CPU
		{ECBB5551-D387-4A29-A739-FDE4B6DE902D}.Debug|Any CPU.ActiveCfg = Debug|Any CPU
		{ECBB5551-D387-4A29-A739-FDE4B6DE902D}.Debug|Any CPU.Build.0 = Debug|Any CPU
		{ECBB5551-D387-4A29-A739-FDE4B6DE902D}.Release|Any CPU.ActiveCfg = Release|Any CPU
		{ECBB5551-D387-4A29-A739-FDE4B6DE902D}.Release|Any CPU.Build.0 = Release|Any CPU
		{9B618023-A985-4CD9-8DB6-6EA2BEB8C758}.Debug|Any CPU.ActiveCfg = Debug|Any CPU
		{9B618023-A985-4CD9-8DB6-6EA2BEB8C758}.Debug|Any CPU.Build.0 = Debug|Any CPU
		{9B618023-A985-4CD9-8DB6-6EA2BEB8C758}.Release|Any CPU.ActiveCfg = Release|Any CPU
		{9B618023-A985-4CD9-8DB6-6EA2BEB8C758}.Release|Any CPU.Build.0 = Release|Any CPU
		{9BAA33A3-AA68-4189-8BB9-53DC0224E1D7}.Debug|Any CPU.ActiveCfg = Debug|Any CPU
		{9BAA33A3-AA68-4189-8BB9-53DC0224E1D7}.Debug|Any CPU.Build.0 = Debug|Any CPU
		{9BAA33A3-AA68-4189-8BB9-53DC0224E1D7}.Release|Any CPU.ActiveCfg = Release|Any CPU
		{9BAA33A3-AA68-4189-8BB9-53DC0224E1D7}.Release|Any CPU.Build.0 = Release|Any CPU
		{0ED3659A-D6C4-6401-E7CE-63D46AA91417}.Debug|Any CPU.ActiveCfg = Debug|Any CPU
		{0ED3659A-D6C4-6401-E7CE-63D46AA91417}.Debug|Any CPU.Build.0 = Debug|Any CPU
		{0ED3659A-D6C4-6401-E7CE-63D46AA91417}.Release|Any CPU.ActiveCfg = Release|Any CPU
		{0ED3659A-D6C4-6401-E7CE-63D46AA91417}.Release|Any CPU.Build.0 = Release|Any CPU
		{82DC1536-E9D3-2083-6228-A236B0FD89EA}.Debug|Any CPU.ActiveCfg = Debug|Any CPU
		{82DC1536-E9D3-2083-6228-A236B0FD89EA}.Debug|Any CPU.Build.0 = Debug|Any CPU
		{82DC1536-E9D3-2083-6228-A236B0FD89EA}.Release|Any CPU.ActiveCfg = Release|Any CPU
		{82DC1536-E9D3-2083-6228-A236B0FD89EA}.Release|Any CPU.Build.0 = Release|Any CPU
		{90B6E390-4716-029F-5F6D-33E92C83CF54}.Debug|Any CPU.ActiveCfg = Debug|Any CPU
		{90B6E390-4716-029F-5F6D-33E92C83CF54}.Debug|Any CPU.Build.0 = Debug|Any CPU
		{90B6E390-4716-029F-5F6D-33E92C83CF54}.Release|Any CPU.ActiveCfg = Release|Any CPU
		{90B6E390-4716-029F-5F6D-33E92C83CF54}.Release|Any CPU.Build.0 = Release|Any CPU
	EndGlobalSection
	GlobalSection(SolutionProperties) = preSolution
		HideSolutionNode = FALSE
	EndGlobalSection
	GlobalSection(NestedProjects) = preSolution
		{62FC9075-CBE7-4FF1-BA34-93625D1CDE9A} = {096F443D-3205-4914-8E40-3A2186B71134}
		{B76C7C60-0363-4EB3-A075-19C8B7C74AD0} = {8243CE1E-839C-456B-A5D4-874963D8C525}
		{6C012E64-4C4B-408F-B1D5-ACCCF8B4A1C6} = {8243CE1E-839C-456B-A5D4-874963D8C525}
		{49A9BEFA-D74B-4152-8F0F-44D675B59366} = {36A264B8-92D1-48DD-8054-115FF0856E50}
		{36D2F82F-CE33-4D24-99B8-5A0E7B1DC37E} = {36A264B8-92D1-48DD-8054-115FF0856E50}
		{4B97CC62-0E68-4176-9074-CCC78BBD98D4} = {36A264B8-92D1-48DD-8054-115FF0856E50}
		{23873134-B997-4504-B62A-8B2E71A94218} = {36A264B8-92D1-48DD-8054-115FF0856E50}
		{FF2F0E98-FD87-4A08-86E3-B11DF4F769FB} = {36A264B8-92D1-48DD-8054-115FF0856E50}
		{C050D609-4228-4688-B78A-F0DEE2443960} = {36A264B8-92D1-48DD-8054-115FF0856E50}
		{8030BE50-4FA3-4DD8-BA20-5C0001CBC2FC} = {36A264B8-92D1-48DD-8054-115FF0856E50}
		{ECBB5551-D387-4A29-A739-FDE4B6DE902D} = {36A264B8-92D1-48DD-8054-115FF0856E50}
		{9B618023-A985-4CD9-8DB6-6EA2BEB8C758} = {36A264B8-92D1-48DD-8054-115FF0856E50}
		{9BAA33A3-AA68-4189-8BB9-53DC0224E1D7} = {36A264B8-92D1-48DD-8054-115FF0856E50}
		{0ED3659A-D6C4-6401-E7CE-63D46AA91417} = {096F443D-3205-4914-8E40-3A2186B71134}
		{82DC1536-E9D3-2083-6228-A236B0FD89EA} = {36A264B8-92D1-48DD-8054-115FF0856E50}
		{90B6E390-4716-029F-5F6D-33E92C83CF54} = {36A264B8-92D1-48DD-8054-115FF0856E50}
	EndGlobalSection
	GlobalSection(ExtensibilityGlobals) = postSolution
		SolutionGuid = {12BE1319-4F6D-4472-82CA-678A7F50C6B4}
	EndGlobalSection
EndGlobal
